// !$*UTF8*$!
{
	archiveVersion = 1;
	classes = {
	};
	objectVersion = 50;
	objects = {

/* Begin PBXBuildFile section */
		4ACC92FB23C477B000336CD3 /* AppDelegate.swift in Sources */ = {isa = PBXBuildFile; fileRef = 4ACC92FA23C477B000336CD3 /* AppDelegate.swift */; };
		4ACC92FD23C477B000336CD3 /* SceneDelegate.swift in Sources */ = {isa = PBXBuildFile; fileRef = 4ACC92FC23C477B000336CD3 /* SceneDelegate.swift */; };
		4ACC92FF23C477B000336CD3 /* MovieListView.swift in Sources */ = {isa = PBXBuildFile; fileRef = 4ACC92FE23C477B000336CD3 /* MovieListView.swift */; };
		4ACC930123C477B600336CD3 /* Assets.xcassets in Resources */ = {isa = PBXBuildFile; fileRef = 4ACC930023C477B600336CD3 /* Assets.xcassets */; };
		4ACC930423C477B600336CD3 /* Preview Assets.xcassets in Resources */ = {isa = PBXBuildFile; fileRef = 4ACC930323C477B600336CD3 /* Preview Assets.xcassets */; };
		4ACC930723C477B600336CD3 /* LaunchScreen.storyboard in Resources */ = {isa = PBXBuildFile; fileRef = 4ACC930523C477B600336CD3 /* LaunchScreen.storyboard */; };
		4ACC931023C477DA00336CD3 /* MovieServices.swift in Sources */ = {isa = PBXBuildFile; fileRef = 4ACC930F23C477DA00336CD3 /* MovieServices.swift */; };
		4ACC931423C4804600336CD3 /* MovieDTO.swift in Sources */ = {isa = PBXBuildFile; fileRef = 4ACC931123C47AEF00336CD3 /* MovieDTO.swift */; };
		4ACC931623C4885E00336CD3 /* ImageViewContainer.swift in Sources */ = {isa = PBXBuildFile; fileRef = 4ACC931523C4885E00336CD3 /* ImageViewContainer.swift */; };
		4ACC931823C48B9600336CD3 /* ContentView.swift in Sources */ = {isa = PBXBuildFile; fileRef = 4ACC931723C48B9600336CD3 /* ContentView.swift */; };
		4ACC931B23C4968E00336CD3 /* MovieRowView.swift in Sources */ = {isa = PBXBuildFile; fileRef = 4ACC931A23C4968E00336CD3 /* MovieRowView.swift */; };
/* End PBXBuildFile section */

/* Begin PBXFileReference section */
		4ACC92F723C477B000336CD3 /* MovieFinder.app */ = {isa = PBXFileReference; explicitFileType = wrapper.application; includeInIndex = 0; path = MovieFinder.app; sourceTree = BUILT_PRODUCTS_DIR; };
		4ACC92FA23C477B000336CD3 /* AppDelegate.swift */ = {isa = PBXFileReference; lastKnownFileType = sourcecode.swift; path = AppDelegate.swift; sourceTree = "<group>"; };
		4ACC92FC23C477B000336CD3 /* SceneDelegate.swift */ = {isa = PBXFileReference; lastKnownFileType = sourcecode.swift; path = SceneDelegate.swift; sourceTree = "<group>"; };
		4ACC92FE23C477B000336CD3 /* MovieListView.swift */ = {isa = PBXFileReference; lastKnownFileType = sourcecode.swift; path = MovieListView.swift; sourceTree = "<group>"; };
		4ACC930023C477B600336CD3 /* Assets.xcassets */ = {isa = PBXFileReference; lastKnownFileType = folder.assetcatalog; path = Assets.xcassets; sourceTree = "<group>"; };
		4ACC930323C477B600336CD3 /* Preview Assets.xcassets */ = {isa = PBXFileReference; lastKnownFileType = folder.assetcatalog; path = "Preview Assets.xcassets"; sourceTree = "<group>"; };
		4ACC930623C477B600336CD3 /* Base */ = {isa = PBXFileReference; lastKnownFileType = file.storyboard; name = Base; path = Base.lproj/LaunchScreen.storyboard; sourceTree = "<group>"; };
		4ACC930823C477B600336CD3 /* Info.plist */ = {isa = PBXFileReference; lastKnownFileType = text.plist.xml; path = Info.plist; sourceTree = "<group>"; };
		4ACC930F23C477DA00336CD3 /* MovieServices.swift */ = {isa = PBXFileReference; lastKnownFileType = sourcecode.swift; path = MovieServices.swift; sourceTree = "<group>"; };
		4ACC931123C47AEF00336CD3 /* MovieDTO.swift */ = {isa = PBXFileReference; lastKnownFileType = sourcecode.swift; path = MovieDTO.swift; sourceTree = "<group>"; };
		4ACC931523C4885E00336CD3 /* ImageViewContainer.swift */ = {isa = PBXFileReference; lastKnownFileType = sourcecode.swift; path = ImageViewContainer.swift; sourceTree = "<group>"; };
		4ACC931723C48B9600336CD3 /* ContentView.swift */ = {isa = PBXFileReference; lastKnownFileType = sourcecode.swift; path = ContentView.swift; sourceTree = "<group>"; };
		4ACC931A23C4968E00336CD3 /* MovieRowView.swift */ = {isa = PBXFileReference; lastKnownFileType = sourcecode.swift; path = MovieRowView.swift; sourceTree = "<group>"; };
/* End PBXFileReference section */

/* Begin PBXFrameworksBuildPhase section */
		4ACC92F423C477B000336CD3 /* Frameworks */ = {
			isa = PBXFrameworksBuildPhase;
			buildActionMask = 2147483647;
			files = (
			);
			runOnlyForDeploymentPostprocessing = 0;
		};
/* End PBXFrameworksBuildPhase section */

/* Begin PBXGroup section */
		4ACC92EE23C477B000336CD3 = {
			isa = PBXGroup;
			children = (
				4ACC92F923C477B000336CD3 /* MovieFinder */,
				4ACC92F823C477B000336CD3 /* Products */,
			);
			sourceTree = "<group>";
		};
		4ACC92F823C477B000336CD3 /* Products */ = {
			isa = PBXGroup;
			children = (
				4ACC92F723C477B000336CD3 /* MovieFinder.app */,
			);
			name = Products;
			sourceTree = "<group>";
		};
		4ACC92F923C477B000336CD3 /* MovieFinder */ = {
			isa = PBXGroup;
			children = (
				4ACC931923C4967800336CD3 /* Views */,
				4ACC931323C47AF500336CD3 /* Model */,
				4ACC930E23C477C900336CD3 /* Service */,
				4ACC92FA23C477B000336CD3 /* AppDelegate.swift */,
				4ACC92FC23C477B000336CD3 /* SceneDelegate.swift */,
				4ACC92FE23C477B000336CD3 /* MovieListView.swift */,
				4ACC930023C477B600336CD3 /* Assets.xcassets */,
				4ACC930523C477B600336CD3 /* LaunchScreen.storyboard */,
				4ACC930823C477B600336CD3 /* Info.plist */,
				4ACC930223C477B600336CD3 /* Preview Content */,
				4ACC931723C48B9600336CD3 /* ContentView.swift */,
			);
			path = MovieFinder;
			sourceTree = "<group>";
		};
		4ACC930223C477B600336CD3 /* Preview Content */ = {
			isa = PBXGroup;
			children = (
				4ACC930323C477B600336CD3 /* Preview Assets.xcassets */,
			);
			path = "Preview Content";
			sourceTree = "<group>";
		};
		4ACC930E23C477C900336CD3 /* Service */ = {
			isa = PBXGroup;
			children = (
				4ACC930F23C477DA00336CD3 /* MovieServices.swift */,
			);
			path = Service;
			sourceTree = "<group>";
		};
		4ACC931323C47AF500336CD3 /* Model */ = {
			isa = PBXGroup;
			children = (
				4ACC931123C47AEF00336CD3 /* MovieDTO.swift */,
			);
			path = Model;
			sourceTree = "<group>";
		};
		4ACC931923C4967800336CD3 /* Views */ = {
			isa = PBXGroup;
			children = (
				4ACC931523C4885E00336CD3 /* ImageViewContainer.swift */,
				4ACC931A23C4968E00336CD3 /* MovieRowView.swift */,
			);
			path = Views;
			sourceTree = "<group>";
		};
/* End PBXGroup section */

/* Begin PBXNativeTarget section */
		4ACC92F623C477B000336CD3 /* MovieFinder */ = {
			isa = PBXNativeTarget;
			buildConfigurationList = 4ACC930B23C477B600336CD3 /* Build configuration list for PBXNativeTarget "MovieFinder" */;
			buildPhases = (
				4ACC92F323C477B000336CD3 /* Sources */,
				4ACC92F423C477B000336CD3 /* Frameworks */,
				4ACC92F523C477B000336CD3 /* Resources */,
			);
			buildRules = (
			);
			dependencies = (
			);
			name = MovieFinder;
			productName = MovieFinder;
			productReference = 4ACC92F723C477B000336CD3 /* MovieFinder.app */;
			productType = "com.apple.product-type.application";
		};
/* End PBXNativeTarget section */

/* Begin PBXProject section */
		4ACC92EF23C477B000336CD3 /* Project object */ = {
			isa = PBXProject;
			attributes = {
				LastSwiftUpdateCheck = 1120;
				LastUpgradeCheck = 1120;
				ORGANIZATIONNAME = "João Leite";
				TargetAttributes = {
					4ACC92F623C477B000336CD3 = {
						CreatedOnToolsVersion = 11.2.1;
					};
				};
			};
			buildConfigurationList = 4ACC92F223C477B000336CD3 /* Build configuration list for PBXProject "MovieFinder" */;
			compatibilityVersion = "Xcode 9.3";
			developmentRegion = en;
			hasScannedForEncodings = 0;
			knownRegions = (
				en,
				Base,
			);
			mainGroup = 4ACC92EE23C477B000336CD3;
			productRefGroup = 4ACC92F823C477B000336CD3 /* Products */;
			projectDirPath = "";
			projectRoot = "";
			targets = (
				4ACC92F623C477B000336CD3 /* MovieFinder */,
			);
		};
/* End PBXProject section */

/* Begin PBXResourcesBuildPhase section */
		4ACC92F523C477B000336CD3 /* Resources */ = {
			isa = PBXResourcesBuildPhase;
			buildActionMask = 2147483647;
			files = (
				4ACC930723C477B600336CD3 /* LaunchScreen.storyboard in Resources */,
				4ACC930423C477B600336CD3 /* Preview Assets.xcassets in Resources */,
				4ACC930123C477B600336CD3 /* Assets.xcassets in Resources */,
			);
			runOnlyForDeploymentPostprocessing = 0;
		};
/* End PBXResourcesBuildPhase section */

/* Begin PBXSourcesBuildPhase section */
		4ACC92F323C477B000336CD3 /* Sources */ = {
			isa = PBXSourcesBuildPhase;
			buildActionMask = 2147483647;
			files = (
				4ACC931B23C4968E00336CD3 /* MovieRowView.swift in Sources */,
				4ACC92FB23C477B000336CD3 /* AppDelegate.swift in Sources */,
				4ACC931423C4804600336CD3 /* MovieDTO.swift in Sources */,
				4ACC931823C48B9600336CD3 /* ContentView.swift in Sources */,
				4ACC92FD23C477B000336CD3 /* SceneDelegate.swift in Sources */,
				4ACC931623C4885E00336CD3 /* ImageViewContainer.swift in Sources */,
				4ACC931023C477DA00336CD3 /* MovieServices.swift in Sources */,
				4ACC92FF23C477B000336CD3 /* MovieListView.swift in Sources */,
			);
			runOnlyForDeploymentPostprocessing = 0;
		};
/* End PBXSourcesBuildPhase section */

/* Begin PBXVariantGroup section */
		4ACC930523C477B600336CD3 /* LaunchScreen.storyboard */ = {
			isa = PBXVariantGroup;
			children = (
				4ACC930623C477B600336CD3 /* Base */,
			);
			name = LaunchScreen.storyboard;
			sourceTree = "<group>";
		};
/* End PBXVariantGroup section */

/* Begin XCBuildConfiguration section */
		4ACC930923C477B600336CD3 /* Debug */ = {
			isa = XCBuildConfiguration;
			buildSettings = {
				ALWAYS_SEARCH_USER_PATHS = NO;
				CLANG_ANALYZER_NONNULL = YES;
				CLANG_ANALYZER_NUMBER_OBJECT_CONVERSION = YES_AGGRESSIVE;
				CLANG_CXX_LANGUAGE_STANDARD = "gnu++14";
				CLANG_CXX_LIBRARY = "libc++";
				CLANG_ENABLE_MODULES = YES;
				CLANG_ENABLE_OBJC_ARC = YES;
				CLANG_ENABLE_OBJC_WEAK = YES;
				CLANG_WARN_BLOCK_CAPTURE_AUTORELEASING = YES;
				CLANG_WARN_BOOL_CONVERSION = YES;
				CLANG_WARN_COMMA = YES;
				CLANG_WARN_CONSTANT_CONVERSION = YES;
				CLANG_WARN_DEPRECATED_OBJC_IMPLEMENTATIONS = YES;
				CLANG_WARN_DIRECT_OBJC_ISA_USAGE = YES_ERROR;
				CLANG_WARN_DOCUMENTATION_COMMENTS = YES;
				CLANG_WARN_EMPTY_BODY = YES;
				CLANG_WARN_ENUM_CONVERSION = YES;
				CLANG_WARN_INFINITE_RECURSION = YES;
				CLANG_WARN_INT_CONVERSION = YES;
				CLANG_WARN_NON_LITERAL_NULL_CONVERSION = YES;
				CLANG_WARN_OBJC_IMPLICIT_RETAIN_SELF = YES;
				CLANG_WARN_OBJC_LITERAL_CONVERSION = YES;
				CLANG_WARN_OBJC_ROOT_CLASS = YES_ERROR;
				CLANG_WARN_RANGE_LOOP_ANALYSIS = YES;
				CLANG_WARN_STRICT_PROTOTYPES = YES;
				CLANG_WARN_SUSPICIOUS_MOVE = YES;
				CLANG_WARN_UNGUARDED_AVAILABILITY = YES_AGGRESSIVE;
				CLANG_WARN_UNREACHABLE_CODE = YES;
				CLANG_WARN__DUPLICATE_METHOD_MATCH = YES;
				COPY_PHASE_STRIP = NO;
				DEBUG_INFORMATION_FORMAT = dwarf;
				ENABLE_STRICT_OBJC_MSGSEND = YES;
				ENABLE_TESTABILITY = YES;
				GCC_C_LANGUAGE_STANDARD = gnu11;
				GCC_DYNAMIC_NO_PIC = NO;
				GCC_NO_COMMON_BLOCKS = YES;
				GCC_OPTIMIZATION_LEVEL = 0;
				GCC_PREPROCESSOR_DEFINITIONS = (
					"DEBUG=1",
					"$(inherited)",
				);
				GCC_WARN_64_TO_32_BIT_CONVERSION = YES;
				GCC_WARN_ABOUT_RETURN_TYPE = YES_ERROR;
				GCC_WARN_UNDECLARED_SELECTOR = YES;
				GCC_WARN_UNINITIALIZED_AUTOS = YES_AGGRESSIVE;
				GCC_WARN_UNUSED_FUNCTION = YES;
				GCC_WARN_UNUSED_VARIABLE = YES;
				IPHONEOS_DEPLOYMENT_TARGET = 13.2;
				MTL_ENABLE_DEBUG_INFO = INCLUDE_SOURCE;
				MTL_FAST_MATH = YES;
				ONLY_ACTIVE_ARCH = YES;
				SDKROOT = iphoneos;
				SWIFT_ACTIVE_COMPILATION_CONDITIONS = DEBUG;
				SWIFT_OPTIMIZATION_LEVEL = "-Onone";
			};
			name = Debug;
		};
		4ACC930A23C477B600336CD3 /* Release */ = {
			isa = XCBuildConfiguration;
			buildSettings = {
				ALWAYS_SEARCH_USER_PATHS = NO;
				CLANG_ANALYZER_NONNULL = YES;
				CLANG_ANALYZER_NUMBER_OBJECT_CONVERSION = YES_AGGRESSIVE;
				CLANG_CXX_LANGUAGE_STANDARD = "gnu++14";
				CLANG_CXX_LIBRARY = "libc++";
				CLANG_ENABLE_MODULES = YES;
				CLANG_ENABLE_OBJC_ARC = YES;
				CLANG_ENABLE_OBJC_WEAK = YES;
				CLANG_WARN_BLOCK_CAPTURE_AUTORELEASING = YES;
				CLANG_WARN_BOOL_CONVERSION = YES;
				CLANG_WARN_COMMA = YES;
				CLANG_WARN_CONSTANT_CONVERSION = YES;
				CLANG_WARN_DEPRECATED_OBJC_IMPLEMENTATIONS = YES;
				CLANG_WARN_DIRECT_OBJC_ISA_USAGE = YES_ERROR;
				CLANG_WARN_DOCUMENTATION_COMMENTS = YES;
				CLANG_WARN_EMPTY_BODY = YES;
				CLANG_WARN_ENUM_CONVERSION = YES;
				CLANG_WARN_INFINITE_RECURSION = YES;
				CLANG_WARN_INT_CONVERSION = YES;
				CLANG_WARN_NON_LITERAL_NULL_CONVERSION = YES;
				CLANG_WARN_OBJC_IMPLICIT_RETAIN_SELF = YES;
				CLANG_WARN_OBJC_LITERAL_CONVERSION = YES;
				CLANG_WARN_OBJC_ROOT_CLASS = YES_ERROR;
				CLANG_WARN_RANGE_LOOP_ANALYSIS = YES;
				CLANG_WARN_STRICT_PROTOTYPES = YES;
				CLANG_WARN_SUSPICIOUS_MOVE = YES;
				CLANG_WARN_UNGUARDED_AVAILABILITY = YES_AGGRESSIVE;
				CLANG_WARN_UNREACHABLE_CODE = YES;
				CLANG_WARN__DUPLICATE_METHOD_MATCH = YES;
				COPY_PHASE_STRIP = NO;
				DEBUG_INFORMATION_FORMAT = "dwarf-with-dsym";
				ENABLE_NS_ASSERTIONS = NO;
				ENABLE_STRICT_OBJC_MSGSEND = YES;
				GCC_C_LANGUAGE_STANDARD = gnu11;
				GCC_NO_COMMON_BLOCKS = YES;
				GCC_WARN_64_TO_32_BIT_CONVERSION = YES;
				GCC_WARN_ABOUT_RETURN_TYPE = YES_ERROR;
				GCC_WARN_UNDECLARED_SELECTOR = YES;
				GCC_WARN_UNINITIALIZED_AUTOS = YES_AGGRESSIVE;
				GCC_WARN_UNUSED_FUNCTION = YES;
				GCC_WARN_UNUSED_VARIABLE = YES;
				IPHONEOS_DEPLOYMENT_TARGET = 13.2;
				MTL_ENABLE_DEBUG_INFO = NO;
				MTL_FAST_MATH = YES;
				SDKROOT = iphoneos;
				SWIFT_COMPILATION_MODE = wholemodule;
				SWIFT_OPTIMIZATION_LEVEL = "-O";
				VALIDATE_PRODUCT = YES;
			};
			name = Release;
		};
		4ACC930C23C477B600336CD3 /* Debug */ = {
			isa = XCBuildConfiguration;
			buildSettings = {
				ASSETCATALOG_COMPILER_APPICON_NAME = AppIcon;
				CODE_SIGN_STYLE = Automatic;
				DEVELOPMENT_ASSET_PATHS = "\"MovieFinder/Preview Content\"";
				DEVELOPMENT_TEAM = EMX5WZVKLF;
				ENABLE_PREVIEWS = YES;
				INFOPLIST_FILE = MovieFinder/Info.plist;
				LD_RUNPATH_SEARCH_PATHS = (
					"$(inherited)",
					"@executable_path/Frameworks",
				);
				PRODUCT_BUNDLE_IDENTIFIER = com.jpapps.MovieFinder;
				PRODUCT_NAME = "$(TARGET_NAME)";
				SWIFT_VERSION = 5.0;
				TARGETED_DEVICE_FAMILY = "1,2";
			};
			name = Debug;
		};
		4ACC930D23C477B600336CD3 /* Release */ = {
			isa = XCBuildConfiguration;
			buildSettings = {
				ASSETCATALOG_COMPILER_APPICON_NAME = AppIcon;
				CODE_SIGN_STYLE = Automatic;
				DEVELOPMENT_ASSET_PATHS = "\"MovieFinder/Preview Content\"";
				DEVELOPMENT_TEAM = EMX5WZVKLF;
				ENABLE_PREVIEWS = YES;
				INFOPLIST_FILE = MovieFinder/Info.plist;
				LD_RUNPATH_SEARCH_PATHS = (
					"$(inherited)",
					"@executable_path/Frameworks",
				);
				PRODUCT_BUNDLE_IDENTIFIER = com.jpapps.MovieFinder;
				PRODUCT_NAME = "$(TARGET_NAME)";
				SWIFT_VERSION = 5.0;
				TARGETED_DEVICE_FAMILY = "1,2";
			};
			name = Release;
		};
/* End XCBuildConfiguration section */

/* Begin XCConfigurationList section */
		4ACC92F223C477B000336CD3 /* Build configuration list for PBXProject "MovieFinder" */ = {
			isa = XCConfigurationList;
			buildConfigurations = (
				4ACC930923C477B600336CD3 /* Debug */,
				4ACC930A23C477B600336CD3 /* Release */,
			);
			defaultConfigurationIsVisible = 0;
			defaultConfigurationName = Release;
		};
		4ACC930B23C477B600336CD3 /* Build configuration list for PBXNativeTarget "MovieFinder" */ = {
			isa = XCConfigurationList;
			buildConfigurations = (
				4ACC930C23C477B600336CD3 /* Debug */,
				4ACC930D23C477B600336CD3 /* Release */,
			);
			defaultConfigurationIsVisible = 0;
			defaultConfigurationName = Release;
		};
/* End XCConfigurationList section */
	};
	rootObject = 4ACC92EF23C477B000336CD3 /* Project object */;
}
